Microsoft Visual Studio Solution File, Format Version 12.00
# Visual Studio Version 17
VisualStudioVersion = 17.5.2.0
MinimumVisualStudioVersion = 10.0.40219.1
Project("{FAE04EC0-301F-11D3-BF4B-00C04F79EFBC}") = "GreenSwamp", "GreenSwamp.csproj", "{530B4AF7-4A65-B455-98B5-4B230FCDA454}"
EndProject
Global
	GlobalSection(SolutionConfigurationPlatforms) = preSolution
		Debug|Any CPU = Debug|Any CPU
		Release|Any CPU = Release|Any CPU
	EndGlobalSection
	GlobalSection(ProjectConfigurationPlatforms) = postSolution
		{530B4AF7-4A65-B455-98B5-4B230FCDA454}.Debug|Any CPU.ActiveCfg = Debug|Any CPU
		{530B4AF7-4A65-B455-98B5-4B230FCDA454}.Debug|Any CPU.Build.0 = Debug|Any CPU
		{530B4AF7-4A65-B455-98B5-4B230FCDA454}.Release|Any CPU.ActiveCfg = Release|Any CPU
		{530B4AF7-4A65-B455-98B5-4B230FCDA454}.Release|Any CPU.Build.0 = Release|Any CPU
	EndGlobalSection
	GlobalSection(SolutionProperties) = preSolution
		HideSolutionNode = FALSE
	EndGlobalSection
	GlobalSection(ExtensibilityGlobals) = postSolution
		SolutionGuid = {5B4F3A8E-CA2B-486D-A3D5-DD2DAE3CA9B7}
	EndGlobalSection
EndGlobal
